// !$*UTF8*$!
{
	archiveVersion = 1;
	classes = {
	};
	objectVersion = 50;
	objects = {

/* Begin PBXBuildFile section */
		9C83E11325F3AE51009D9D8E /* AppDelegate.swift in Sources */ = {isa = PBXBuildFile; fileRef = 9C83E11225F3AE51009D9D8E /* AppDelegate.swift */; };
		9C83E11525F3AE51009D9D8E /* SceneDelegate.swift in Sources */ = {isa = PBXBuildFile; fileRef = 9C83E11425F3AE51009D9D8E /* SceneDelegate.swift */; };
		9C83E11725F3AE51009D9D8E /* ViewController.swift in Sources */ = {isa = PBXBuildFile; fileRef = 9C83E11625F3AE51009D9D8E /* ViewController.swift */; };
		9C83E11A25F3AE51009D9D8E /* Main.storyboard in Resources */ = {isa = PBXBuildFile; fileRef = 9C83E11825F3AE51009D9D8E /* Main.storyboard */; };
		9C83E11D25F3AE51009D9D8E /* TravelHistory.xcdatamodeld in Sources */ = {isa = PBXBuildFile; fileRef = 9C83E11B25F3AE51009D9D8E /* TravelHistory.xcdatamodeld */; };
		9C83E11F25F3AE53009D9D8E /* Assets.xcassets in Resources */ = {isa = PBXBuildFile; fileRef = 9C83E11E25F3AE53009D9D8E /* Assets.xcassets */; };
		9C83E12225F3AE53009D9D8E /* LaunchScreen.storyboard in Resources */ = {isa = PBXBuildFile; fileRef = 9C83E12025F3AE53009D9D8E /* LaunchScreen.storyboard */; };
/* End PBXBuildFile section */

/* Begin PBXFileReference section */
		9C83E10F25F3AE51009D9D8E /* TravelHistory.app */ = {isa = PBXFileReference; explicitFileType = wrapper.application; includeInIndex = 0; path = TravelHistory.app; sourceTree = BUILT_PRODUCTS_DIR; };
		9C83E11225F3AE51009D9D8E /* AppDelegate.swift */ = {isa = PBXFileReference; lastKnownFileType = sourcecode.swift; path = AppDelegate.swift; sourceTree = "<group>"; };
		9C83E11425F3AE51009D9D8E /* SceneDelegate.swift */ = {isa = PBXFileReference; lastKnownFileType = sourcecode.swift; path = SceneDelegate.swift; sourceTree = "<group>"; };
		9C83E11625F3AE51009D9D8E /* ViewController.swift */ = {isa = PBXFileReference; lastKnownFileType = sourcecode.swift; path = ViewController.swift; sourceTree = "<group>"; };
		9C83E11925F3AE51009D9D8E /* Base */ = {isa = PBXFileReference; lastKnownFileType = file.storyboard; name = Base; path = Base.lproj/Main.storyboard; sourceTree = "<group>"; };
		9C83E11C25F3AE51009D9D8E /* TravelHistory.xcdatamodel */ = {isa = PBXFileReference; lastKnownFileType = wrapper.xcdatamodel; path = TravelHistory.xcdatamodel; sourceTree = "<group>"; };
		9C83E11E25F3AE53009D9D8E /* Assets.xcassets */ = {isa = PBXFileReference; lastKnownFileType = folder.assetcatalog; path = Assets.xcassets; sourceTree = "<group>"; };
		9C83E12125F3AE53009D9D8E /* Base */ = {isa = PBXFileReference; lastKnownFileType = file.storyboard; name = Base; path = Base.lproj/LaunchScreen.storyboard; sourceTree = "<group>"; };
		9C83E12325F3AE53009D9D8E /* Info.plist */ = {isa = PBXFileReference; lastKnownFileType = text.plist.xml; path = Info.plist; sourceTree = "<group>"; };
/* End PBXFileReference section */

/* Begin PBXFrameworksBuildPhase section */
		9C83E10C25F3AE51009D9D8E /* Frameworks */ = {
			isa = PBXFrameworksBuildPhase;
			buildActionMask = 2147483647;
			files = (
			);
			runOnlyForDeploymentPostprocessing = 0;
		};
/* End PBXFrameworksBuildPhase section */

/* Begin PBXGroup section */
		9C83E10625F3AE51009D9D8E = {
			isa = PBXGroup;
			children = (
				9C83E11125F3AE51009D9D8E /* TravelHistory */,
				9C83E11025F3AE51009D9D8E /* Products */,
			);
			sourceTree = "<group>";
		};
		9C83E11025F3AE51009D9D8E /* Products */ = {
			isa = PBXGroup;
			children = (
				9C83E10F25F3AE51009D9D8E /* TravelHistory.app */,
			);
			name = Products;
			sourceTree = "<group>";
		};
		9C83E11125F3AE51009D9D8E /* TravelHistory */ = {
			isa = PBXGroup;
			children = (
				9C83E11225F3AE51009D9D8E /* AppDelegate.swift */,
				9C83E11425F3AE51009D9D8E /* SceneDelegate.swift */,
				9C83E11625F3AE51009D9D8E /* ViewController.swift */,
				9C83E11825F3AE51009D9D8E /* Main.storyboard */,
				9C83E11E25F3AE53009D9D8E /* Assets.xcassets */,
				9C83E12025F3AE53009D9D8E /* LaunchScreen.storyboard */,
				9C83E12325F3AE53009D9D8E /* Info.plist */,
				9C83E11B25F3AE51009D9D8E /* TravelHistory.xcdatamodeld */,
			);
			path = TravelHistory;
			sourceTree = "<group>";
		};
/* End PBXGroup section */

/* Begin PBXNativeTarget section */
		9C83E10E25F3AE51009D9D8E /* TravelHistory */ = {
			isa = PBXNativeTarget;
			buildConfigurationList = 9C83E12625F3AE53009D9D8E /* Build configuration list for PBXNativeTarget "TravelHistory" */;
			buildPhases = (
				9C83E10B25F3AE51009D9D8E /* Sources */,
				9C83E10C25F3AE51009D9D8E /* Frameworks */,
				9C83E10D25F3AE51009D9D8E /* Resources */,
			);
			buildRules = (
			);
			dependencies = (
			);
			name = TravelHistory;
			productName = TravelHistory;
			productReference = 9C83E10F25F3AE51009D9D8E /* TravelHistory.app */;
			productType = "com.apple.product-type.application";
		};
/* End PBXNativeTarget section */

/* Begin PBXProject section */
		9C83E10725F3AE51009D9D8E /* Project object */ = {
			isa = PBXProject;
			attributes = {
				LastSwiftUpdateCheck = 1230;
				LastUpgradeCheck = 1230;
				TargetAttributes = {
					9C83E10E25F3AE51009D9D8E = {
						CreatedOnToolsVersion = 12.3;
					};
				};
			};
			buildConfigurationList = 9C83E10A25F3AE51009D9D8E /* Build configuration list for PBXProject "TravelHistory" */;
			compatibilityVersion = "Xcode 9.3";
			developmentRegion = en;
			hasScannedForEncodings = 0;
			knownRegions = (
				en,
				Base,
			);
			mainGroup = 9C83E10625F3AE51009D9D8E;
			productRefGroup = 9C83E11025F3AE51009D9D8E /* Products */;
			projectDirPath = "";
			projectRoot = "";
			targets = (
				9C83E10E25F3AE51009D9D8E /* TravelHistory */,
			);
		};
/* End PBXProject section */

/* Begin PBXResourcesBuildPhase section */
		9C83E10D25F3AE51009D9D8E /* Resources */ = {
			isa = PBXResourcesBuildPhase;
			buildActionMask = 2147483647;
			files = (
				9C83E12225F3AE53009D9D8E /* LaunchScreen.storyboard in Resources */,
				9C83E11F25F3AE53009D9D8E /* Assets.xcassets in Resources */,
				9C83E11A25F3AE51009D9D8E /* Main.storyboard in Resources */,
			);
			runOnlyForDeploymentPostprocessing = 0;
		};
/* End PBXResourcesBuildPhase section */

/* Begin PBXSourcesBuildPhase section */
		9C83E10B25F3AE51009D9D8E /* Sources */ = {
			isa = PBXSourcesBuildPhase;
			buildActionMask = 2147483647;
			files = (
				9C83E11725F3AE51009D9D8E /* ViewController.swift in Sources */,
				9C83E11325F3AE51009D9D8E /* AppDelegate.swift in Sources */,
				9C83E11D25F3AE51009D9D8E /* TravelHistory.xcdatamodeld in Sources */,
				9C83E11525F3AE51009D9D8E /* SceneDelegate.swift in Sources */,
			);
			runOnlyForDeploymentPostprocessing = 0;
		};
/* End PBXSourcesBuildPhase section */

/* Begin PBXVariantGroup section */
		9C83E11825F3AE51009D9D8E /* Main.storyboard */ = {
			isa = PBXVariantGroup;
			children = (
				9C83E11925F3AE51009D9D8E /* Base */,
			);
			name = Main.storyboard;
			sourceTree = "<group>";
		};
		9C83E12025F3AE53009D9D8E /* LaunchScreen.storyboard */ = {
			isa = PBXVariantGroup;
			children = (
				9C83E12125F3AE53009D9D8E /* Base */,
			);
			name = LaunchScreen.storyboard;
			sourceTree = "<group>";
		};
/* End PBXVariantGroup section */

/* Begin XCBuildConfiguration section */
		9C83E12425F3AE53009D9D8E /* Debug */ = {
			isa = XCBuildConfiguration;
			buildSettings = {
				ALWAYS_SEARCH_USER_PATHS = NO;
				CLANG_ANALYZER_NONNULL = YES;
				CLANG_ANALYZER_NUMBER_OBJECT_CONVERSION = YES_AGGRESSIVE;
				CLANG_CXX_LANGUAGE_STANDARD = "gnu++14";
				CLANG_CXX_LIBRARY = "libc++";
				CLANG_ENABLE_MODULES = YES;
				CLANG_ENABLE_OBJC_ARC = YES;
				CLANG_ENABLE_OBJC_WEAK = YES;
				CLANG_WARN_BLOCK_CAPTURE_AUTORELEASING = YES;
				CLANG_WARN_BOOL_CONVERSION = YES;
				CLANG_WARN_COMMA = YES;
				CLANG_WARN_CONSTANT_CONVERSION = YES;
				CLANG_WARN_DEPRECATED_OBJC_IMPLEMENTATIONS = YES;
				CLANG_WARN_DIRECT_OBJC_ISA_USAGE = YES_ERROR;
				CLANG_WARN_DOCUMENTATION_COMMENTS = YES;
				CLANG_WARN_EMPTY_BODY = YES;
				CLANG_WARN_ENUM_CONVERSION = YES;
				CLANG_WARN_INFINITE_RECURSION = YES;
				CLANG_WARN_INT_CONVERSION = YES;
				CLANG_WARN_NON_LITERAL_NULL_CONVERSION = YES;
				CLANG_WARN_OBJC_IMPLICIT_RETAIN_SELF = YES;
				CLANG_WARN_OBJC_LITERAL_CONVERSION = YES;
				CLANG_WARN_OBJC_ROOT_CLASS = YES_ERROR;
				CLANG_WARN_QUOTED_INCLUDE_IN_FRAMEWORK_HEADER = YES;
				CLANG_WARN_RANGE_LOOP_ANALYSIS = YES;
				CLANG_WARN_STRICT_PROTOTYPES = YES;
				CLANG_WARN_SUSPICIOUS_MOVE = YES;
				CLANG_WARN_UNGUARDED_AVAILABILITY = YES_AGGRESSIVE;
				CLANG_WARN_UNREACHABLE_CODE = YES;
				CLANG_WARN__DUPLICATE_METHOD_MATCH = YES;
				COPY_PHASE_STRIP = NO;
				DEBUG_INFORMATION_FORMAT = dwarf;
				ENABLE_STRICT_OBJC_MSGSEND = YES;
				ENABLE_TESTABILITY = YES;
				GCC_C_LANGUAGE_STANDARD = gnu11;
				GCC_DYNAMIC_NO_PIC = NO;
				GCC_NO_COMMON_BLOCKS = YES;
				GCC_OPTIMIZATION_LEVEL = 0;
				GCC_PREPROCESSOR_DEFINITIONS = (
					"DEBUG=1",
					"$(inherited)",
				);
				GCC_WARN_64_TO_32_BIT_CONVERSION = YES;
				GCC_WARN_ABOUT_RETURN_TYPE = YES_ERROR;
				GCC_WARN_UNDECLARED_SELECTOR = YES;
				GCC_WARN_UNINITIALIZED_AUTOS = YES_AGGRESSIVE;
				GCC_WARN_UNUSED_FUNCTION = YES;
				GCC_WARN_UNUSED_VARIABLE = YES;
				IPHONEOS_DEPLOYMENT_TARGET = 14.3;
				MTL_ENABLE_DEBUG_INFO = INCLUDE_SOURCE;
				MTL_FAST_MATH = YES;
				ONLY_ACTIVE_ARCH = YES;
				SDKROOT = iphoneos;
				SWIFT_ACTIVE_COMPILATION_CONDITIONS = DEBUG;
				SWIFT_OPTIMIZATION_LEVEL = "-Onone";
			};
			name = Debug;
		};
		9C83E12525F3AE53009D9D8E /* Release */ = {
			isa = XCBuildConfiguration;
			buildSettings = {
				ALWAYS_SEARCH_USER_PATHS = NO;
				CLANG_ANALYZER_NONNULL = YES;
				CLANG_ANALYZER_NUMBER_OBJECT_CONVERSION = YES_AGGRESSIVE;
				CLANG_CXX_LANGUAGE_STANDARD = "gnu++14";
				CLANG_CXX_LIBRARY = "libc++";
				CLANG_ENABLE_MODULES = YES;
				CLANG_ENABLE_OBJC_ARC = YES;
				CLANG_ENABLE_OBJC_WEAK = YES;
				CLANG_WARN_BLOCK_CAPTURE_AUTORELEASING = YES;
				CLANG_WARN_BOOL_CONVERSION = YES;
				CLANG_WARN_COMMA = YES;
				CLANG_WARN_CONSTANT_CONVERSION = YES;
				CLANG_WARN_DEPRECATED_OBJC_IMPLEMENTATIONS = YES;
				CLANG_WARN_DIRECT_OBJC_ISA_USAGE = YES_ERROR;
				CLANG_WARN_DOCUMENTATION_COMMENTS = YES;
				CLANG_WARN_EMPTY_BODY = YES;
				CLANG_WARN_ENUM_CONVERSION = YES;
				CLANG_WARN_INFINITE_RECURSION = YES;
				CLANG_WARN_INT_CONVERSION = YES;
				CLANG_WARN_NON_LITERAL_NULL_CONVERSION = YES;
				CLANG_WARN_OBJC_IMPLICIT_RETAIN_SELF = YES;
				CLANG_WARN_OBJC_LITERAL_CONVERSION = YES;
				CLANG_WARN_OBJC_ROOT_CLASS = YES_ERROR;
				CLANG_WARN_QUOTED_INCLUDE_IN_FRAMEWORK_HEADER = YES;
				CLANG_WARN_RANGE_LOOP_ANALYSIS = YES;
				CLANG_WARN_STRICT_PROTOTYPES = YES;
				CLANG_WARN_SUSPICIOUS_MOVE = YES;
				CLANG_WARN_UNGUARDED_AVAILABILITY = YES_AGGRESSIVE;
				CLANG_WARN_UNREACHABLE_CODE = YES;
				CLANG_WARN__DUPLICATE_METHOD_MATCH = YES;
				COPY_PHASE_STRIP = NO;
				DEBUG_INFORMATION_FORMAT = "dwarf-with-dsym";
				ENABLE_NS_ASSERTIONS = NO;
				ENABLE_STRICT_OBJC_MSGSEND = YES;
				GCC_C_LANGUAGE_STANDARD = gnu11;
				GCC_NO_COMMON_BLOCKS = YES;
				GCC_WARN_64_TO_32_BIT_CONVERSION = YES;
				GCC_WARN_ABOUT_RETURN_TYPE = YES_ERROR;
				GCC_WARN_UNDECLARED_SELECTOR = YES;
				GCC_WARN_UNINITIALIZED_AUTOS = YES_AGGRESSIVE;
				GCC_WARN_UNUSED_FUNCTION = YES;
				GCC_WARN_UNUSED_VARIABLE = YES;
				IPHONEOS_DEPLOYMENT_TARGET = 14.3;
				MTL_ENABLE_DEBUG_INFO = NO;
				MTL_FAST_MATH = YES;
				SDKROOT = iphoneos;
				SWIFT_COMPILATION_MODE = wholemodule;
				SWIFT_OPTIMIZATION_LEVEL = "-O";
				VALIDATE_PRODUCT = YES;
			};
			name = Release;
		};
		9C83E12725F3AE53009D9D8E /* Debug */ = {
			isa = XCBuildConfiguration;
			buildSettings = {
				ASSETCATALOG_COMPILER_APPICON_NAME = AppIcon;
				ASSETCATALOG_COMPILER_GLOBAL_ACCENT_COLOR_NAME = AccentColor;
				CODE_SIGN_STYLE = Automatic;
				DEVELOPMENT_TEAM = CA2B2URL79;
				INFOPLIST_FILE = TravelHistory/Info.plist;
				LD_RUNPATH_SEARCH_PATHS = (
					"$(inherited)",
					"@executable_path/Frameworks",
				);
				PRODUCT_BUNDLE_IDENTIFIER = com.TravelHistory;
				PRODUCT_NAME = "$(TARGET_NAME)";
				SWIFT_VERSION = 5.0;
				TARGETED_DEVICE_FAMILY = "1,2";
			};
			name = Debug;
		};
		9C83E12825F3AE53009D9D8E /* Release */ = {
			isa = XCBuildConfiguration;
			buildSettings = {
				ASSETCATALOG_COMPILER_APPICON_NAME = AppIcon;
				ASSETCATALOG_COMPILER_GLOBAL_ACCENT_COLOR_NAME = AccentColor;
				CODE_SIGN_STYLE = Automatic;
				DEVELOPMENT_TEAM = CA2B2URL79;
				INFOPLIST_FILE = TravelHistory/Info.plist;
				LD_RUNPATH_SEARCH_PATHS = (
					"$(inherited)",
					"@executable_path/Frameworks",
				);
				PRODUCT_BUNDLE_IDENTIFIER = com.TravelHistory;
				PRODUCT_NAME = "$(TARGET_NAME)";
				SWIFT_VERSION = 5.0;
				TARGETED_DEVICE_FAMILY = "1,2";
			};
			name = Release;
		};
/* End XCBuildConfiguration section */

/* Begin XCConfigurationList section */
		9C83E10A25F3AE51009D9D8E /* Build configuration list for PBXProject "TravelHistory" */ = {
			isa = XCConfigurationList;
			buildConfigurations = (
				9C83E12425F3AE53009D9D8E /* Debug */,
				9C83E12525F3AE53009D9D8E /* Release */,
			);
			defaultConfigurationIsVisible = 0;
			defaultConfigurationName = Release;
		};
		9C83E12625F3AE53009D9D8E /* Build configuration list for PBXNativeTarget "TravelHistory" */ = {
			isa = XCConfigurationList;
			buildConfigurations = (
				9C83E12725F3AE53009D9D8E /* Debug */,
				9C83E12825F3AE53009D9D8E /* Release */,
			);
			defaultConfigurationIsVisible = 0;
			defaultConfigurationName = Release;
		};
/* End XCConfigurationList section */

/* Begin XCVersionGroup section */
		9C83E11B25F3AE51009D9D8E /* TravelHistory.xcdatamodeld */ = {
			isa = XCVersionGroup;
			children = (
				9C83E11C25F3AE51009D9D8E /* TravelHistory.xcdatamodel */,
			);
			currentVersion = 9C83E11C25F3AE51009D9D8E /* TravelHistory.xcdatamodel */;
			path = TravelHistory.xcdatamodeld;
			sourceTree = "<group>";
			versionGroupType = wrapper.xcdatamodel;
		};
/* End XCVersionGroup section */
	};
	rootObject = 9C83E10725F3AE51009D9D8E /* Project object */;
}
